
Microsoft Visual Studio Solution File, Format Version 11.00
# Visual Studio 2010
Project("{FAE04EC0-301F-11D3-BF4B-00C04F79EFBC}") = "TestingClouds", "TestingClouds\TestingClouds.csproj", "{2308396D-FCE4-4D28-8112-53DE87AF5DD2}"
EndProject
Project("{FAE04EC0-301F-11D3-BF4B-00C04F79EFBC}") = "TestingClouds.Tests", "TestingClouds.Tests\TestingClouds.Tests.csproj", "{86CF09DB-DBE5-4D51-A2F1-02739DB25648}"
EndProject
Project("{CC5FD16D-436D-48AD-A40C-5A424C6E3E79}") = "TestingCloudsAzure", "TestingCloudsAzure\TestingCloudsAzure.ccproj", "{2515B71C-F42F-47E0-9C98-4E4134E87A02}"
EndProject
Global
	GlobalSection(SolutionConfigurationPlatforms) = preSolution
		Debug|Any CPU = Debug|Any CPU
		Release|Any CPU = Release|Any CPU
	EndGlobalSection
	GlobalSection(ProjectConfigurationPlatforms) = postSolution
		{2308396D-FCE4-4D28-8112-53DE87AF5DD2}.Debug|Any CPU.ActiveCfg = Debug|Any CPU
		{2308396D-FCE4-4D28-8112-53DE87AF5DD2}.Debug|Any CPU.Build.0 = Debug|Any CPU
		{2308396D-FCE4-4D28-8112-53DE87AF5DD2}.Release|Any CPU.ActiveCfg = Release|Any CPU
		{2308396D-FCE4-4D28-8112-53DE87AF5DD2}.Release|Any CPU.Build.0 = Release|Any CPU
		{86CF09DB-DBE5-4D51-A2F1-02739DB25648}.Debug|Any CPU.ActiveCfg = Debug|Any CPU
		{86CF09DB-DBE5-4D51-A2F1-02739DB25648}.Debug|Any CPU.Build.0 = Debug|Any CPU
		{86CF09DB-DBE5-4D51-A2F1-02739DB25648}.Release|Any CPU.ActiveCfg = Release|Any CPU
		{86CF09DB-DBE5-4D51-A2F1-02739DB25648}.Release|Any CPU.Build.0 = Release|Any CPU
		{2515B71C-F42F-47E0-9C98-4E4134E87A02}.Debug|Any CPU.ActiveCfg = Debug|Any CPU
		{2515B71C-F42F-47E0-9C98-4E4134E87A02}.Debug|Any CPU.Build.0 = Debug|Any CPU
		{2515B71C-F42F-47E0-9C98-4E4134E87A02}.Release|Any CPU.ActiveCfg = Release|Any CPU
		{2515B71C-F42F-47E0-9C98-4E4134E87A02}.Release|Any CPU.Build.0 = Release|Any CPU
	EndGlobalSection
	GlobalSection(SolutionProperties) = preSolution
		HideSolutionNode = FALSE
	EndGlobalSection
EndGlobal
